// !$*UTF8*$!
{
	archiveVersion = 1;
	classes = {
	};
	objectVersion = 50;
	objects = {

/* Begin PBXBuildFile section */
		0A9AA8BDF37B972AFFC6B76E /* libPods-GoogleDriveManagerTest.a in Frameworks */ = {isa = PBXBuildFile; fileRef = 45A24D4DA5EF639FB39C6669 /* libPods-GoogleDriveManagerTest.a */; };
		5627A7FE226D987100C99018 /* AppDelegate.swift in Sources */ = {isa = PBXBuildFile; fileRef = 5627A7FD226D987100C99018 /* AppDelegate.swift */; };
		5627A800226D987100C99018 /* ViewController.swift in Sources */ = {isa = PBXBuildFile; fileRef = 5627A7FF226D987100C99018 /* ViewController.swift */; };
		5627A803226D987100C99018 /* Main.storyboard in Resources */ = {isa = PBXBuildFile; fileRef = 5627A801226D987100C99018 /* Main.storyboard */; };
		5627A805226D987200C99018 /* Assets.xcassets in Resources */ = {isa = PBXBuildFile; fileRef = 5627A804226D987200C99018 /* Assets.xcassets */; };
		5627A808226D987200C99018 /* LaunchScreen.storyboard in Resources */ = {isa = PBXBuildFile; fileRef = 5627A806226D987200C99018 /* LaunchScreen.storyboard */; };
/* End PBXBuildFile section */

/* Begin PBXFileReference section */
		1D52B523092EE6ACD673E279 /* Pods-GoogleDriveManagerTest.release.xcconfig */ = {isa = PBXFileReference; includeInIndex = 1; lastKnownFileType = text.xcconfig; name = "Pods-GoogleDriveManagerTest.release.xcconfig"; path = "Target Support Files/Pods-GoogleDriveManagerTest/Pods-GoogleDriveManagerTest.release.xcconfig"; sourceTree = "<group>"; };
		45A24D4DA5EF639FB39C6669 /* libPods-GoogleDriveManagerTest.a */ = {isa = PBXFileReference; explicitFileType = archive.ar; includeInIndex = 0; path = "libPods-GoogleDriveManagerTest.a"; sourceTree = BUILT_PRODUCTS_DIR; };
		5627A7FA226D987100C99018 /* GoogleDriveManagerTest.app */ = {isa = PBXFileReference; explicitFileType = wrapper.application; includeInIndex = 0; path = GoogleDriveManagerTest.app; sourceTree = BUILT_PRODUCTS_DIR; };
		5627A7FD226D987100C99018 /* AppDelegate.swift */ = {isa = PBXFileReference; lastKnownFileType = sourcecode.swift; path = AppDelegate.swift; sourceTree = "<group>"; };
		5627A7FF226D987100C99018 /* ViewController.swift */ = {isa = PBXFileReference; lastKnownFileType = sourcecode.swift; path = ViewController.swift; sourceTree = "<group>"; };
		5627A802226D987100C99018 /* Base */ = {isa = PBXFileReference; lastKnownFileType = file.storyboard; name = Base; path = Base.lproj/Main.storyboard; sourceTree = "<group>"; };
		5627A804226D987200C99018 /* Assets.xcassets */ = {isa = PBXFileReference; lastKnownFileType = folder.assetcatalog; path = Assets.xcassets; sourceTree = "<group>"; };
		5627A807226D987200C99018 /* Base */ = {isa = PBXFileReference; lastKnownFileType = file.storyboard; name = Base; path = Base.lproj/LaunchScreen.storyboard; sourceTree = "<group>"; };
		5627A809226D987200C99018 /* Info.plist */ = {isa = PBXFileReference; lastKnownFileType = text.plist.xml; path = Info.plist; sourceTree = "<group>"; };
		ACBCEF10087D623F549021A3 /* Pods-GoogleDriveManagerTest.debug.xcconfig */ = {isa = PBXFileReference; includeInIndex = 1; lastKnownFileType = text.xcconfig; name = "Pods-GoogleDriveManagerTest.debug.xcconfig"; path = "Target Support Files/Pods-GoogleDriveManagerTest/Pods-GoogleDriveManagerTest.debug.xcconfig"; sourceTree = "<group>"; };
/* End PBXFileReference section */

/* Begin PBXFrameworksBuildPhase section */
		5627A7F7226D987100C99018 /* Frameworks */ = {
			isa = PBXFrameworksBuildPhase;
			buildActionMask = 2147483647;
			files = (
				0A9AA8BDF37B972AFFC6B76E /* libPods-GoogleDriveManagerTest.a in Frameworks */,
			);
			runOnlyForDeploymentPostprocessing = 0;
		};
/* End PBXFrameworksBuildPhase section */

/* Begin PBXGroup section */
		5627A7F1226D987100C99018 = {
			isa = PBXGroup;
			children = (
				5627A7FC226D987100C99018 /* GoogleDriveManagerTest */,
				5627A7FB226D987100C99018 /* Products */,
				F52992C2604720D0A1CA1A1E /* Pods */,
				5915F740C5BAB0A21B939C31 /* Frameworks */,
			);
			sourceTree = "<group>";
		};
		5627A7FB226D987100C99018 /* Products */ = {
			isa = PBXGroup;
			children = (
				5627A7FA226D987100C99018 /* GoogleDriveManagerTest.app */,
			);
			name = Products;
			sourceTree = "<group>";
		};
		5627A7FC226D987100C99018 /* GoogleDriveManagerTest */ = {
			isa = PBXGroup;
			children = (
				5627A7FD226D987100C99018 /* AppDelegate.swift */,
				5627A7FF226D987100C99018 /* ViewController.swift */,
				5627A801226D987100C99018 /* Main.storyboard */,
				5627A804226D987200C99018 /* Assets.xcassets */,
				5627A806226D987200C99018 /* LaunchScreen.storyboard */,
				5627A809226D987200C99018 /* Info.plist */,
			);
			path = GoogleDriveManagerTest;
			sourceTree = "<group>";
		};
		5915F740C5BAB0A21B939C31 /* Frameworks */ = {
			isa = PBXGroup;
			children = (
				45A24D4DA5EF639FB39C6669 /* libPods-GoogleDriveManagerTest.a */,
			);
			name = Frameworks;
			sourceTree = "<group>";
		};
		F52992C2604720D0A1CA1A1E /* Pods */ = {
			isa = PBXGroup;
			children = (
				ACBCEF10087D623F549021A3 /* Pods-GoogleDriveManagerTest.debug.xcconfig */,
				1D52B523092EE6ACD673E279 /* Pods-GoogleDriveManagerTest.release.xcconfig */,
			);
			path = Pods;
			sourceTree = "<group>";
		};
/* End PBXGroup section */

/* Begin PBXNativeTarget section */
		5627A7F9226D987100C99018 /* GoogleDriveManagerTest */ = {
			isa = PBXNativeTarget;
			buildConfigurationList = 5627A80C226D987200C99018 /* Build configuration list for PBXNativeTarget "GoogleDriveManagerTest" */;
			buildPhases = (
				70EF1A679033D2428602048B /* [CP] Check Pods Manifest.lock */,
				5627A7F6226D987100C99018 /* Sources */,
				5627A7F7226D987100C99018 /* Frameworks */,
				5627A7F8226D987100C99018 /* Resources */,
				AF8CBBC71DBAAD9CE3FA2A66 /* [CP] Copy Pods Resources */,
			);
			buildRules = (
			);
			dependencies = (
			);
			name = GoogleDriveManagerTest;
			productName = GoogleDriveManagerTest;
			productReference = 5627A7FA226D987100C99018 /* GoogleDriveManagerTest.app */;
			productType = "com.apple.product-type.application";
		};
/* End PBXNativeTarget section */

/* Begin PBXProject section */
		5627A7F2226D987100C99018 /* Project object */ = {
			isa = PBXProject;
			attributes = {
				LastSwiftUpdateCheck = 1010;
				LastUpgradeCheck = 1010;
				ORGANIZATIONNAME = tkanazawa;
				TargetAttributes = {
					5627A7F9226D987100C99018 = {
						CreatedOnToolsVersion = 10.1;
					};
				};
			};
			buildConfigurationList = 5627A7F5226D987100C99018 /* Build configuration list for PBXProject "GoogleDriveManagerTest" */;
			compatibilityVersion = "Xcode 9.3";
			developmentRegion = en;
			hasScannedForEncodings = 0;
			knownRegions = (
				en,
				Base,
			);
			mainGroup = 5627A7F1226D987100C99018;
			productRefGroup = 5627A7FB226D987100C99018 /* Products */;
			projectDirPath = "";
			projectRoot = "";
			targets = (
				5627A7F9226D987100C99018 /* GoogleDriveManagerTest */,
			);
		};
/* End PBXProject section */

/* Begin PBXResourcesBuildPhase section */
		5627A7F8226D987100C99018 /* Resources */ = {
			isa = PBXResourcesBuildPhase;
			buildActionMask = 2147483647;
			files = (
				5627A808226D987200C99018 /* LaunchScreen.storyboard in Resources */,
				5627A805226D987200C99018 /* Assets.xcassets in Resources */,
				5627A803226D987100C99018 /* Main.storyboard in Resources */,
			);
			runOnlyForDeploymentPostprocessing = 0;
		};
/* End PBXResourcesBuildPhase section */

/* Begin PBXShellScriptBuildPhase section */
		70EF1A679033D2428602048B /* [CP] Check Pods Manifest.lock */ = {
			isa = PBXShellScriptBuildPhase;
			buildActionMask = 2147483647;
			files = (
			);
			inputFileListPaths = (
			);
			inputPaths = (
				"${PODS_PODFILE_DIR_PATH}/Podfile.lock",
				"${PODS_ROOT}/Manifest.lock",
			);
			name = "[CP] Check Pods Manifest.lock";
			outputFileListPaths = (
			);
			outputPaths = (
				"$(DERIVED_FILE_DIR)/Pods-GoogleDriveManagerTest-checkManifestLockResult.txt",
			);
			runOnlyForDeploymentPostprocessing = 0;
			shellPath = /bin/sh;
			shellScript = "diff \"${PODS_PODFILE_DIR_PATH}/Podfile.lock\" \"${PODS_ROOT}/Manifest.lock\" > /dev/null\nif [ $? != 0 ] ; then\n    # print error to STDERR\n    echo \"error: The sandbox is not in sync with the Podfile.lock. Run 'pod install' or update your CocoaPods installation.\" >&2\n    exit 1\nfi\n# This output is used by Xcode 'outputs' to avoid re-running this script phase.\necho \"SUCCESS\" > \"${SCRIPT_OUTPUT_FILE_0}\"\n";
			showEnvVarsInLog = 0;
		};
		AF8CBBC71DBAAD9CE3FA2A66 /* [CP] Copy Pods Resources */ = {
			isa = PBXShellScriptBuildPhase;
			buildActionMask = 2147483647;
			files = (
			);
			inputFileListPaths = (
				"${PODS_ROOT}/Target Support Files/Pods-GoogleDriveManagerTest/Pods-GoogleDriveManagerTest-resources-${CONFIGURATION}-input-files.xcfilelist",
			);
			name = "[CP] Copy Pods Resources";
			outputFileListPaths = (
				"${PODS_ROOT}/Target Support Files/Pods-GoogleDriveManagerTest/Pods-GoogleDriveManagerTest-resources-${CONFIGURATION}-output-files.xcfilelist",
			);
			runOnlyForDeploymentPostprocessing = 0;
			shellPath = /bin/sh;
			shellScript = "\"${PODS_ROOT}/Target Support Files/Pods-GoogleDriveManagerTest/Pods-GoogleDriveManagerTest-resources.sh\"\n";
			showEnvVarsInLog = 0;
		};
/* End PBXShellScriptBuildPhase section */

/* Begin PBXSourcesBuildPhase section */
		5627A7F6226D987100C99018 /* Sources */ = {
			isa = PBXSourcesBuildPhase;
			buildActionMask = 2147483647;
			files = (
				5627A800226D987100C99018 /* ViewController.swift in Sources */,
				5627A7FE226D987100C99018 /* AppDelegate.swift in Sources */,
			);
			runOnlyForDeploymentPostprocessing = 0;
		};
/* End PBXSourcesBuildPhase section */

/* Begin PBXVariantGroup section */
		5627A801226D987100C99018 /* Main.storyboard */ = {
			isa = PBXVariantGroup;
			children = (
				5627A802226D987100C99018 /* Base */,
			);
			name = Main.storyboard;
			sourceTree = "<group>";
		};
		5627A806226D987200C99018 /* LaunchScreen.storyboard */ = {
			isa = PBXVariantGroup;
			children = (
				5627A807226D987200C99018 /* Base */,
			);
			name = LaunchScreen.storyboard;
			sourceTree = "<group>";
		};
/* End PBXVariantGroup section */

/* Begin XCBuildConfiguration section */
		5627A80A226D987200C99018 /* Debug */ = {
			isa = XCBuildConfiguration;
			buildSettings = {
				ALWAYS_SEARCH_USER_PATHS = NO;
				CLANG_ANALYZER_NONNULL = YES;
				CLANG_ANALYZER_NUMBER_OBJECT_CONVERSION = YES_AGGRESSIVE;
				CLANG_CXX_LANGUAGE_STANDARD = "gnu++14";
				CLANG_CXX_LIBRARY = "libc++";
				CLANG_ENABLE_MODULES = YES;
				CLANG_ENABLE_OBJC_ARC = YES;
				CLANG_ENABLE_OBJC_WEAK = YES;
				CLANG_WARN_BLOCK_CAPTURE_AUTORELEASING = YES;
				CLANG_WARN_BOOL_CONVERSION = YES;
				CLANG_WARN_COMMA = YES;
				CLANG_WARN_CONSTANT_CONVERSION = YES;
				CLANG_WARN_DEPRECATED_OBJC_IMPLEMENTATIONS = YES;
				CLANG_WARN_DIRECT_OBJC_ISA_USAGE = YES_ERROR;
				CLANG_WARN_DOCUMENTATION_COMMENTS = YES;
				CLANG_WARN_EMPTY_BODY = YES;
				CLANG_WARN_ENUM_CONVERSION = YES;
				CLANG_WARN_INFINITE_RECURSION = YES;
				CLANG_WARN_INT_CONVERSION = YES;
				CLANG_WARN_NON_LITERAL_NULL_CONVERSION = YES;
				CLANG_WARN_OBJC_IMPLICIT_RETAIN_SELF = YES;
				CLANG_WARN_OBJC_LITERAL_CONVERSION = YES;
				CLANG_WARN_OBJC_ROOT_CLASS = YES_ERROR;
				CLANG_WARN_RANGE_LOOP_ANALYSIS = YES;
				CLANG_WARN_STRICT_PROTOTYPES = YES;
				CLANG_WARN_SUSPICIOUS_MOVE = YES;
				CLANG_WARN_UNGUARDED_AVAILABILITY = YES_AGGRESSIVE;
				CLANG_WARN_UNREACHABLE_CODE = YES;
				CLANG_WARN__DUPLICATE_METHOD_MATCH = YES;
				CODE_SIGN_IDENTITY = "iPhone Developer";
				COPY_PHASE_STRIP = NO;
				DEBUG_INFORMATION_FORMAT = dwarf;
				ENABLE_STRICT_OBJC_MSGSEND = YES;
				ENABLE_TESTABILITY = YES;
				GCC_C_LANGUAGE_STANDARD = gnu11;
				GCC_DYNAMIC_NO_PIC = NO;
				GCC_NO_COMMON_BLOCKS = YES;
				GCC_OPTIMIZATION_LEVEL = 0;
				GCC_PREPROCESSOR_DEFINITIONS = (
					"DEBUG=1",
					"$(inherited)",
				);
				GCC_WARN_64_TO_32_BIT_CONVERSION = YES;
				GCC_WARN_ABOUT_RETURN_TYPE = YES_ERROR;
				GCC_WARN_UNDECLARED_SELECTOR = YES;
				GCC_WARN_UNINITIALIZED_AUTOS = YES_AGGRESSIVE;
				GCC_WARN_UNUSED_FUNCTION = YES;
				GCC_WARN_UNUSED_VARIABLE = YES;
				IPHONEOS_DEPLOYMENT_TARGET = 12.1;
				MTL_ENABLE_DEBUG_INFO = INCLUDE_SOURCE;
				MTL_FAST_MATH = YES;
				ONLY_ACTIVE_ARCH = YES;
				SDKROOT = iphoneos;
				SWIFT_ACTIVE_COMPILATION_CONDITIONS = DEBUG;
				SWIFT_OPTIMIZATION_LEVEL = "-Onone";
			};
			name = Debug;
		};
		5627A80B226D987200C99018 /* Release */ = {
			isa = XCBuildConfiguration;
			buildSettings = {
				ALWAYS_SEARCH_USER_PATHS = NO;
				CLANG_ANALYZER_NONNULL = YES;
				CLANG_ANALYZER_NUMBER_OBJECT_CONVERSION = YES_AGGRESSIVE;
				CLANG_CXX_LANGUAGE_STANDARD = "gnu++14";
				CLANG_CXX_LIBRARY = "libc++";
				CLANG_ENABLE_MODULES = YES;
				CLANG_ENABLE_OBJC_ARC = YES;
				CLANG_ENABLE_OBJC_WEAK = YES;
				CLANG_WARN_BLOCK_CAPTURE_AUTORELEASING = YES;
				CLANG_WARN_BOOL_CONVERSION = YES;
				CLANG_WARN_COMMA = YES;
				CLANG_WARN_CONSTANT_CONVERSION = YES;
				CLANG_WARN_DEPRECATED_OBJC_IMPLEMENTATIONS = YES;
				CLANG_WARN_DIRECT_OBJC_ISA_USAGE = YES_ERROR;
				CLANG_WARN_DOCUMENTATION_COMMENTS = YES;
				CLANG_WARN_EMPTY_BODY = YES;
				CLANG_WARN_ENUM_CONVERSION = YES;
				CLANG_WARN_INFINITE_RECURSION = YES;
				CLANG_WARN_INT_CONVERSION = YES;
				CLANG_WARN_NON_LITERAL_NULL_CONVERSION = YES;
				CLANG_WARN_OBJC_IMPLICIT_RETAIN_SELF = YES;
				CLANG_WARN_OBJC_LITERAL_CONVERSION = YES;
				CLANG_WARN_OBJC_ROOT_CLASS = YES_ERROR;
				CLANG_WARN_RANGE_LOOP_ANALYSIS = YES;
				CLANG_WARN_STRICT_PROTOTYPES = YES;
				CLANG_WARN_SUSPICIOUS_MOVE = YES;
				CLANG_WARN_UNGUARDED_AVAILABILITY = YES_AGGRESSIVE;
				CLANG_WARN_UNREACHABLE_CODE = YES;
				CLANG_WARN__DUPLICATE_METHOD_MATCH = YES;
				CODE_SIGN_IDENTITY = "iPhone Developer";
				COPY_PHASE_STRIP = NO;
				DEBUG_INFORMATION_FORMAT = "dwarf-with-dsym";
				ENABLE_NS_ASSERTIONS = NO;
				ENABLE_STRICT_OBJC_MSGSEND = YES;
				GCC_C_LANGUAGE_STANDARD = gnu11;
				GCC_NO_COMMON_BLOCKS = YES;
				GCC_WARN_64_TO_32_BIT_CONVERSION = YES;
				GCC_WARN_ABOUT_RETURN_TYPE = YES_ERROR;
				GCC_WARN_UNDECLARED_SELECTOR = YES;
				GCC_WARN_UNINITIALIZED_AUTOS = YES_AGGRESSIVE;
				GCC_WARN_UNUSED_FUNCTION = YES;
				GCC_WARN_UNUSED_VARIABLE = YES;
				IPHONEOS_DEPLOYMENT_TARGET = 12.1;
				MTL_ENABLE_DEBUG_INFO = NO;
				MTL_FAST_MATH = YES;
				SDKROOT = iphoneos;
				SWIFT_COMPILATION_MODE = wholemodule;
				SWIFT_OPTIMIZATION_LEVEL = "-O";
				VALIDATE_PRODUCT = YES;
			};
			name = Release;
		};
		5627A80D226D987200C99018 /* Debug */ = {
			isa = XCBuildConfiguration;
			baseConfigurationReference = ACBCEF10087D623F549021A3 /* Pods-GoogleDriveManagerTest.debug.xcconfig */;
			buildSettings = {
				ASSETCATALOG_COMPILER_APPICON_NAME = AppIcon;
				CODE_SIGN_STYLE = Automatic;
				DEVELOPMENT_TEAM = 9T2PUXHGA7;
				INFOPLIST_FILE = GoogleDriveManagerTest/Info.plist;
				IPHONEOS_DEPLOYMENT_TARGET = 10.0;
				LD_RUNPATH_SEARCH_PATHS = (
					"$(inherited)",
					"@executable_path/Frameworks",
				);
				PRODUCT_BUNDLE_IDENTIFIER = jp.co.granks.GoogleDriveManagerTest;
				PRODUCT_NAME = "$(TARGET_NAME)";
				SWIFT_VERSION = 5.0;
				TARGETED_DEVICE_FAMILY = "1,2";
			};
			name = Debug;
		};
		5627A80E226D987200C99018 /* Release */ = {
			isa = XCBuildConfiguration;
			baseConfigurationReference = 1D52B523092EE6ACD673E279 /* Pods-GoogleDriveManagerTest.release.xcconfig */;
			buildSettings = {
				ASSETCATALOG_COMPILER_APPICON_NAME = AppIcon;
				CODE_SIGN_STYLE = Automatic;
				DEVELOPMENT_TEAM = 9T2PUXHGA7;
				INFOPLIST_FILE = GoogleDriveManagerTest/Info.plist;
				IPHONEOS_DEPLOYMENT_TARGET = 10.0;
				LD_RUNPATH_SEARCH_PATHS = (
					"$(inherited)",
					"@executable_path/Frameworks",
				);
				PRODUCT_BUNDLE_IDENTIFIER = jp.co.granks.GoogleDriveManagerTest;
				PRODUCT_NAME = "$(TARGET_NAME)";
				SWIFT_VERSION = 5.0;
				TARGETED_DEVICE_FAMILY = "1,2";
			};
			name = Release;
		};
/* End XCBuildConfiguration section */

/* Begin XCConfigurationList section */
		5627A7F5226D987100C99018 /* Build configuration list for PBXProject "GoogleDriveManagerTest" */ = {
			isa = XCConfigurationList;
			buildConfigurations = (
				5627A80A226D987200C99018 /* Debug */,
				5627A80B226D987200C99018 /* Release */,
			);
			defaultConfigurationIsVisible = 0;
			defaultConfigurationName = Release;
		};
		5627A80C226D987200C99018 /* Build configuration list for PBXNativeTarget "GoogleDriveManagerTest" */ = {
			isa = XCConfigurationList;
			buildConfigurations = (
				5627A80D226D987200C99018 /* Debug */,
				5627A80E226D987200C99018 /* Release */,
			);
			defaultConfigurationIsVisible = 0;
			defaultConfigurationName = Release;
		};
/* End XCConfigurationList section */
	};
	rootObject = 5627A7F2226D987100C99018 /* Project object */;
}
